
Microsoft Visual Studio Solution File, Format Version 12.00
# Visual Studio Version 17
VisualStudioVersion = 17.0.31903.59
MinimumVisualStudioVersion = 10.0.40219.1
Project("{2150E333-8FDC-42A3-9474-1A3956D46DE8}") = "src", "src", "{827E0CD3-B72D-47B6-A68D-7590B98EB39B}"
EndProject
Project("{FAE04EC0-301F-11D3-BF4B-00C04F79EFBC}") = "MED100.App", "src\MED100.App\MED100.App.csproj", "{C9B130CE-50A4-4229-86B9-D7D843101635}"
EndProject
Project("{FAE04EC0-301F-11D3-BF4B-00C04F79EFBC}") = "MED100.Views", "src\MED100.Views\MED100.Views.csproj", "{2CF9F987-AD2E-48D2-B678-57547BA8D413}"
EndProject
Project("{FAE04EC0-301F-11D3-BF4B-00C04F79EFBC}") = "MED100.ViewModels", "src\MED100.ViewModels\MED100.ViewModels.csproj", "{4F195697-7F0F-402D-B990-8BA6FE074D58}"
EndProject
Project("{FAE04EC0-301F-11D3-BF4B-00C04F79EFBC}") = "MED100.Services", "src\MED100.Services\MED100.Services.csproj", "{703AC387-1173-4577-968E-1CA47E2859B2}"
EndProject
Project("{FAE04EC0-301F-11D3-BF4B-00C04F79EFBC}") = "MED100.Data", "src\MED100.Data\MED100.Data.csproj", "{D90F387C-0ACE-4856-8E9F-62D496C7923D}"
EndProject
Project("{FAE04EC0-301F-11D3-BF4B-00C04F79EFBC}") = "MED100.Models", "src\MED100.Models\MED100.Models.csproj", "{CAC0E45E-9F08-48F9-9D67-751B667ABDF1}"
EndProject
Project("{FAE04EC0-301F-11D3-BF4B-00C04F79EFBC}") = "MED100.Common", "src\MED100.Common\MED100.Common.csproj", "{536EA1B6-4B0C-43A8-AD16-2133FD36CD03}"
EndProject
Project("{FAE04EC0-301F-11D3-BF4B-00C04F79EFBC}") = "MED100.Printing", "src\MED100.Printing\MED100.Printing.csproj", "{90A6623F-875C-487C-93A5-4192D19D7B31}"
EndProject
Project("{2150E333-8FDC-42A3-9474-1A3956D46DE8}") = "tests", "tests", "{0AB3BF05-4346-4AA6-1389-037BE0695223}"
EndProject
Project("{FAE04EC0-301F-11D3-BF4B-00C04F79EFBC}") = "MED100.Data.Tests", "tests\MED100.Data.Tests\MED100.Data.Tests.csproj", "{333BCE32-32B1-4409-9831-EED6897E96EF}"
EndProject
Project("{FAE04EC0-301F-11D3-BF4B-00C04F79EFBC}") = "MED100.Services.Tests", "tests\MED100.Services.Tests\MED100.Services.Tests.csproj", "{ADBAF14B-3EF8-4922-B233-7A884930351D}"
EndProject
Global
	GlobalSection(SolutionConfigurationPlatforms) = preSolution
		Debug|Any CPU = Debug|Any CPU
		Debug|x64 = Debug|x64
		Debug|x86 = Debug|x86
		Release|Any CPU = Release|Any CPU
		Release|x64 = Release|x64
		Release|x86 = Release|x86
	EndGlobalSection
	GlobalSection(ProjectConfigurationPlatforms) = postSolution
		{C9B130CE-50A4-4229-86B9-D7D843101635}.Debug|Any CPU.ActiveCfg = Debug|Any CPU
		{C9B130CE-50A4-4229-86B9-D7D843101635}.Debug|Any CPU.Build.0 = Debug|Any CPU
		{C9B130CE-50A4-4229-86B9-D7D843101635}.Debug|x64.ActiveCfg = Debug|Any CPU
		{C9B130CE-50A4-4229-86B9-D7D843101635}.Debug|x64.Build.0 = Debug|Any CPU
		{C9B130CE-50A4-4229-86B9-D7D843101635}.Debug|x86.ActiveCfg = Debug|Any CPU
		{C9B130CE-50A4-4229-86B9-D7D843101635}.Debug|x86.Build.0 = Debug|Any CPU
		{C9B130CE-50A4-4229-86B9-D7D843101635}.Release|Any CPU.ActiveCfg = Release|Any CPU
		{C9B130CE-50A4-4229-86B9-D7D843101635}.Release|Any CPU.Build.0 = Release|Any CPU
		{C9B130CE-50A4-4229-86B9-D7D843101635}.Release|x64.ActiveCfg = Release|Any CPU
		{C9B130CE-50A4-4229-86B9-D7D843101635}.Release|x64.Build.0 = Release|Any CPU
		{C9B130CE-50A4-4229-86B9-D7D843101635}.Release|x86.ActiveCfg = Release|Any CPU
		{C9B130CE-50A4-4229-86B9-D7D843101635}.Release|x86.Build.0 = Release|Any CPU
		{2CF9F987-AD2E-48D2-B678-57547BA8D413}.Debug|Any CPU.ActiveCfg = Debug|Any CPU
		{2CF9F987-AD2E-48D2-B678-57547BA8D413}.Debug|Any CPU.Build.0 = Debug|Any CPU
		{2CF9F987-AD2E-48D2-B678-57547BA8D413}.Debug|x64.ActiveCfg = Debug|Any CPU
		{2CF9F987-AD2E-48D2-B678-57547BA8D413}.Debug|x64.Build.0 = Debug|Any CPU
		{2CF9F987-AD2E-48D2-B678-57547BA8D413}.Debug|x86.ActiveCfg = Debug|Any CPU
		{2CF9F987-AD2E-48D2-B678-57547BA8D413}.Debug|x86.Build.0 = Debug|Any CPU
		{2CF9F987-AD2E-48D2-B678-57547BA8D413}.Release|Any CPU.ActiveCfg = Release|Any CPU
		{2CF9F987-AD2E-48D2-B678-57547BA8D413}.Release|Any CPU.Build.0 = Release|Any CPU
		{2CF9F987-AD2E-48D2-B678-57547BA8D413}.Release|x64.ActiveCfg = Release|Any CPU
		{2CF9F987-AD2E-48D2-B678-57547BA8D413}.Release|x64.Build.0 = Release|Any CPU
		{2CF9F987-AD2E-48D2-B678-57547BA8D413}.Release|x86.ActiveCfg = Release|Any CPU
		{2CF9F987-AD2E-48D2-B678-57547BA8D413}.Release|x86.Build.0 = Release|Any CPU
		{4F195697-7F0F-402D-B990-8BA6FE074D58}.Debug|Any CPU.ActiveCfg = Debug|Any CPU
		{4F195697-7F0F-402D-B990-8BA6FE074D58}.Debug|Any CPU.Build.0 = Debug|Any CPU
		{4F195697-7F0F-402D-B990-8BA6FE074D58}.Debug|x64.ActiveCfg = Debug|Any CPU
		{4F195697-7F0F-402D-B990-8BA6FE074D58}.Debug|x64.Build.0 = Debug|Any CPU
		{4F195697-7F0F-402D-B990-8BA6FE074D58}.Debug|x86.ActiveCfg = Debug|Any CPU
		{4F195697-7F0F-402D-B990-8BA6FE074D58}.Debug|x86.Build.0 = Debug|Any CPU
		{4F195697-7F0F-402D-B990-8BA6FE074D58}.Release|Any CPU.ActiveCfg = Release|Any CPU
		{4F195697-7F0F-402D-B990-8BA6FE074D58}.Release|Any CPU.Build.0 = Release|Any CPU
		{4F195697-7F0F-402D-B990-8BA6FE074D58}.Release|x64.ActiveCfg = Release|Any CPU
		{4F195697-7F0F-402D-B990-8BA6FE074D58}.Release|x64.Build.0 = Release|Any CPU
		{4F195697-7F0F-402D-B990-8BA6FE074D58}.Release|x86.ActiveCfg = Release|Any CPU
		{4F195697-7F0F-402D-B990-8BA6FE074D58}.Release|x86.Build.0 = Release|Any CPU
		{703AC387-1173-4577-968E-1CA47E2859B2}.Debug|Any CPU.ActiveCfg = Debug|Any CPU
		{703AC387-1173-4577-968E-1CA47E2859B2}.Debug|Any CPU.Build.0 = Debug|Any CPU
		{703AC387-1173-4577-968E-1CA47E2859B2}.Debug|x64.ActiveCfg = Debug|Any CPU
		{703AC387-1173-4577-968E-1CA47E2859B2}.Debug|x64.Build.0 = Debug|Any CPU
		{703AC387-1173-4577-968E-1CA47E2859B2}.Debug|x86.ActiveCfg = Debug|Any CPU
		{703AC387-1173-4577-968E-1CA47E2859B2}.Debug|x86.Build.0 = Debug|Any CPU
		{703AC387-1173-4577-968E-1CA47E2859B2}.Release|Any CPU.ActiveCfg = Release|Any CPU
		{703AC387-1173-4577-968E-1CA47E2859B2}.Release|Any CPU.Build.0 = Release|Any CPU
		{703AC387-1173-4577-968E-1CA47E2859B2}.Release|x64.ActiveCfg = Release|Any CPU
		{703AC387-1173-4577-968E-1CA47E2859B2}.Release|x64.Build.0 = Release|Any CPU
		{703AC387-1173-4577-968E-1CA47E2859B2}.Release|x86.ActiveCfg = Release|Any CPU
		{703AC387-1173-4577-968E-1CA47E2859B2}.Release|x86.Build.0 = Release|Any CPU
		{D90F387C-0ACE-4856-8E9F-62D496C7923D}.Debug|Any CPU.ActiveCfg = Debug|Any CPU
		{D90F387C-0ACE-4856-8E9F-62D496C7923D}.Debug|Any CPU.Build.0 = Debug|Any CPU
		{D90F387C-0ACE-4856-8E9F-62D496C7923D}.Debug|x64.ActiveCfg = Debug|Any CPU
		{D90F387C-0ACE-4856-8E9F-62D496C7923D}.Debug|x64.Build.0 = Debug|Any CPU
		{D90F387C-0ACE-4856-8E9F-62D496C7923D}.Debug|x86.ActiveCfg = Debug|Any CPU
		{D90F387C-0ACE-4856-8E9F-62D496C7923D}.Debug|x86.Build.0 = Debug|Any CPU
		{D90F387C-0ACE-4856-8E9F-62D496C7923D}.Release|Any CPU.ActiveCfg = Release|Any CPU
		{D90F387C-0ACE-4856-8E9F-62D496C7923D}.Release|Any CPU.Build.0 = Release|Any CPU
		{D90F387C-0ACE-4856-8E9F-62D496C7923D}.Release|x64.ActiveCfg = Release|Any CPU
		{D90F387C-0ACE-4856-8E9F-62D496C7923D}.Release|x64.Build.0 = Release|Any CPU
		{D90F387C-0ACE-4856-8E9F-62D496C7923D}.Release|x86.ActiveCfg = Release|Any CPU
		{D90F387C-0ACE-4856-8E9F-62D496C7923D}.Release|x86.Build.0 = Release|Any CPU
		{CAC0E45E-9F08-48F9-9D67-751B667ABDF1}.Debug|Any CPU.ActiveCfg = Debug|Any CPU
		{CAC0E45E-9F08-48F9-9D67-751B667ABDF1}.Debug|Any CPU.Build.0 = Debug|Any CPU
		{CAC0E45E-9F08-48F9-9D67-751B667ABDF1}.Debug|x64.ActiveCfg = Debug|Any CPU
		{CAC0E45E-9F08-48F9-9D67-751B667ABDF1}.Debug|x64.Build.0 = Debug|Any CPU
		{CAC0E45E-9F08-48F9-9D67-751B667ABDF1}.Debug|x86.ActiveCfg = Debug|Any CPU
		{CAC0E45E-9F08-48F9-9D67-751B667ABDF1}.Debug|x86.Build.0 = Debug|Any CPU
		{CAC0E45E-9F08-48F9-9D67-751B667ABDF1}.Release|Any CPU.ActiveCfg = Release|Any CPU
		{CAC0E45E-9F08-48F9-9D67-751B667ABDF1}.Release|Any CPU.Build.0 = Release|Any CPU
		{CAC0E45E-9F08-48F9-9D67-751B667ABDF1}.Release|x64.ActiveCfg = Release|Any CPU
		{CAC0E45E-9F08-48F9-9D67-751B667ABDF1}.Release|x64.Build.0 = Release|Any CPU
		{CAC0E45E-9F08-48F9-9D67-751B667ABDF1}.Release|x86.ActiveCfg = Release|Any CPU
		{CAC0E45E-9F08-48F9-9D67-751B667ABDF1}.Release|x86.Build.0 = Release|Any CPU
		{536EA1B6-4B0C-43A8-AD16-2133FD36CD03}.Debug|Any CPU.ActiveCfg = Debug|Any CPU
		{536EA1B6-4B0C-43A8-AD16-2133FD36CD03}.Debug|Any CPU.Build.0 = Debug|Any CPU
		{536EA1B6-4B0C-43A8-AD16-2133FD36CD03}.Debug|x64.ActiveCfg = Debug|Any CPU
		{536EA1B6-4B0C-43A8-AD16-2133FD36CD03}.Debug|x64.Build.0 = Debug|Any CPU
		{536EA1B6-4B0C-43A8-AD16-2133FD36CD03}.Debug|x86.ActiveCfg = Debug|Any CPU
		{536EA1B6-4B0C-43A8-AD16-2133FD36CD03}.Debug|x86.Build.0 = Debug|Any CPU
		{536EA1B6-4B0C-43A8-AD16-2133FD36CD03}.Release|Any CPU.ActiveCfg = Release|Any CPU
		{536EA1B6-4B0C-43A8-AD16-2133FD36CD03}.Release|Any CPU.Build.0 = Release|Any CPU
		{536EA1B6-4B0C-43A8-AD16-2133FD36CD03}.Release|x64.ActiveCfg = Release|Any CPU
		{536EA1B6-4B0C-43A8-AD16-2133FD36CD03}.Release|x64.Build.0 = Release|Any CPU
		{536EA1B6-4B0C-43A8-AD16-2133FD36CD03}.Release|x86.ActiveCfg = Release|Any CPU
		{536EA1B6-4B0C-43A8-AD16-2133FD36CD03}.Release|x86.Build.0 = Release|Any CPU
		{90A6623F-875C-487C-93A5-4192D19D7B31}.Debug|Any CPU.ActiveCfg = Debug|Any CPU
		{90A6623F-875C-487C-93A5-4192D19D7B31}.Debug|Any CPU.Build.0 = Debug|Any CPU
		{90A6623F-875C-487C-93A5-4192D19D7B31}.Debug|x64.ActiveCfg = Debug|Any CPU
		{90A6623F-875C-487C-93A5-4192D19D7B31}.Debug|x64.Build.0 = Debug|Any CPU
		{90A6623F-875C-487C-93A5-4192D19D7B31}.Debug|x86.ActiveCfg = Debug|Any CPU
		{90A6623F-875C-487C-93A5-4192D19D7B31}.Debug|x86.Build.0 = Debug|Any CPU
		{90A6623F-875C-487C-93A5-4192D19D7B31}.Release|Any CPU.ActiveCfg = Release|Any CPU
		{90A6623F-875C-487C-93A5-4192D19D7B31}.Release|Any CPU.Build.0 = Release|Any CPU
		{90A6623F-875C-487C-93A5-4192D19D7B31}.Release|x64.ActiveCfg = Release|Any CPU
		{90A6623F-875C-487C-93A5-4192D19D7B31}.Release|x64.Build.0 = Release|Any CPU
		{90A6623F-875C-487C-93A5-4192D19D7B31}.Release|x86.ActiveCfg = Release|Any CPU
		{90A6623F-875C-487C-93A5-4192D19D7B31}.Release|x86.Build.0 = Release|Any CPU
		{333BCE32-32B1-4409-9831-EED6897E96EF}.Debug|Any CPU.ActiveCfg = Debug|Any CPU
		{333BCE32-32B1-4409-9831-EED6897E96EF}.Debug|Any CPU.Build.0 = Debug|Any CPU
		{333BCE32-32B1-4409-9831-EED6897E96EF}.Debug|x64.ActiveCfg = Debug|Any CPU
		{333BCE32-32B1-4409-9831-EED6897E96EF}.Debug|x64.Build.0 = Debug|Any CPU
		{333BCE32-32B1-4409-9831-EED6897E96EF}.Debug|x86.ActiveCfg = Debug|Any CPU
		{333BCE32-32B1-4409-9831-EED6897E96EF}.Debug|x86.Build.0 = Debug|Any CPU
		{333BCE32-32B1-4409-9831-EED6897E96EF}.Release|Any CPU.ActiveCfg = Release|Any CPU
		{333BCE32-32B1-4409-9831-EED6897E96EF}.Release|Any CPU.Build.0 = Release|Any CPU
		{333BCE32-32B1-4409-9831-EED6897E96EF}.Release|x64.ActiveCfg = Release|Any CPU
		{333BCE32-32B1-4409-9831-EED6897E96EF}.Release|x64.Build.0 = Release|Any CPU
		{333BCE32-32B1-4409-9831-EED6897E96EF}.Release|x86.ActiveCfg = Release|Any CPU
		{333BCE32-32B1-4409-9831-EED6897E96EF}.Release|x86.Build.0 = Release|Any CPU
		{ADBAF14B-3EF8-4922-B233-7A884930351D}.Debug|Any CPU.ActiveCfg = Debug|Any CPU
		{ADBAF14B-3EF8-4922-B233-7A884930351D}.Debug|Any CPU.Build.0 = Debug|Any CPU
		{ADBAF14B-3EF8-4922-B233-7A884930351D}.Debug|x64.ActiveCfg = Debug|Any CPU
		{ADBAF14B-3EF8-4922-B233-7A884930351D}.Debug|x64.Build.0 = Debug|Any CPU
		{ADBAF14B-3EF8-4922-B233-7A884930351D}.Debug|x86.ActiveCfg = Debug|Any CPU
		{ADBAF14B-3EF8-4922-B233-7A884930351D}.Debug|x86.Build.0 = Debug|Any CPU
		{ADBAF14B-3EF8-4922-B233-7A884930351D}.Release|Any CPU.ActiveCfg = Release|Any CPU
		{ADBAF14B-3EF8-4922-B233-7A884930351D}.Release|Any CPU.Build.0 = Release|Any CPU
		{ADBAF14B-3EF8-4922-B233-7A884930351D}.Release|x64.ActiveCfg = Release|Any CPU
		{ADBAF14B-3EF8-4922-B233-7A884930351D}.Release|x64.Build.0 = Release|Any CPU
		{ADBAF14B-3EF8-4922-B233-7A884930351D}.Release|x86.ActiveCfg = Release|Any CPU
		{ADBAF14B-3EF8-4922-B233-7A884930351D}.Release|x86.Build.0 = Release|Any CPU
	EndGlobalSection
	GlobalSection(SolutionProperties) = preSolution
		HideSolutionNode = FALSE
	EndGlobalSection
	GlobalSection(NestedProjects) = preSolution
		{C9B130CE-50A4-4229-86B9-D7D843101635} = {827E0CD3-B72D-47B6-A68D-7590B98EB39B}
		{2CF9F987-AD2E-48D2-B678-57547BA8D413} = {827E0CD3-B72D-47B6-A68D-7590B98EB39B}
		{4F195697-7F0F-402D-B990-8BA6FE074D58} = {827E0CD3-B72D-47B6-A68D-7590B98EB39B}
		{703AC387-1173-4577-968E-1CA47E2859B2} = {827E0CD3-B72D-47B6-A68D-7590B98EB39B}
		{D90F387C-0ACE-4856-8E9F-62D496C7923D} = {827E0CD3-B72D-47B6-A68D-7590B98EB39B}
		{CAC0E45E-9F08-48F9-9D67-751B667ABDF1} = {827E0CD3-B72D-47B6-A68D-7590B98EB39B}
		{536EA1B6-4B0C-43A8-AD16-2133FD36CD03} = {827E0CD3-B72D-47B6-A68D-7590B98EB39B}
		{90A6623F-875C-487C-93A5-4192D19D7B31} = {827E0CD3-B72D-47B6-A68D-7590B98EB39B}
		{333BCE32-32B1-4409-9831-EED6897E96EF} = {0AB3BF05-4346-4AA6-1389-037BE0695223}
		{ADBAF14B-3EF8-4922-B233-7A884930351D} = {0AB3BF05-4346-4AA6-1389-037BE0695223}
	EndGlobalSection
EndGlobal
